
Microsoft Visual Studio Solution File, Format Version 12.00
# Visual Studio Version 17
VisualStudioVersion = 17.13.35931.197 d17.13
MinimumVisualStudioVersion = 10.0.40219.1
Project("{FAE04EC0-301F-11D3-BF4B-00C04F79EFBC}") = "Demo.Cache", "Demo.Cache.csproj", "{4C4643AB-FCC8-45D8-B0C1-A457C6BCF79C}"
EndProject
Global
	GlobalSection(SolutionConfigurationPlatforms) = preSolution
		Debug|Any CPU = Debug|Any CPU
		Release|Any CPU = Release|Any CPU
	EndGlobalSection
	GlobalSection(ProjectConfigurationPlatforms) = postSolution
		{4C4643AB-FCC8-45D8-B0C1-A457C6BCF79C}.Debug|Any CPU.ActiveCfg = Debug|Any CPU
		{4C4643AB-FCC8-45D8-B0C1-A457C6BCF79C}.Debug|Any CPU.Build.0 = Debug|Any CPU
		{4C4643AB-FCC8-45D8-B0C1-A457C6BCF79C}.Release|Any CPU.ActiveCfg = Release|Any CPU
		{4C4643AB-FCC8-45D8-B0C1-A457C6BCF79C}.Release|Any CPU.Build.0 = Release|Any CPU
	EndGlobalSection
	GlobalSection(SolutionProperties) = preSolution
		HideSolutionNode = FALSE
	EndGlobalSection
	GlobalSection(ExtensibilityGlobals) = postSolution
		SolutionGuid = {532F1DD7-1EA9-4EB4-BECC-9A3025C2D89B}
	EndGlobalSection
EndGlobal
